// !$*UTF8*$!
{
	archiveVersion = 1;
	classes = {
	};
	objectVersion = 56;
	objects = {

/* Begin PBXBuildFile section */
		8E4B9AD62C89BABA00AEA0D1 /* GFItemInfoView.swift in Sources */ = {isa = PBXBuildFile; fileRef = 8E4B9AD52C89BABA00AEA0D1 /* GFItemInfoView.swift */; };
		8E527EA72C89BF6100C1DCEC /* GFItemInfoViewController.swift in Sources */ = {isa = PBXBuildFile; fileRef = 8E527EA62C89BF6100C1DCEC /* GFItemInfoViewController.swift */; };
		8E527EA92C89C20F00C1DCEC /* GFRepoItemViewController.swift in Sources */ = {isa = PBXBuildFile; fileRef = 8E527EA82C89C20F00C1DCEC /* GFRepoItemViewController.swift */; };
		8E527EAB2C89C3A800C1DCEC /* GFFollowerItemViewController.swift in Sources */ = {isa = PBXBuildFile; fileRef = 8E527EAA2C89C3A800C1DCEC /* GFFollowerItemViewController.swift */; };
		8E527EAE2C89C76500C1DCEC /* Date+Ext.swift in Sources */ = {isa = PBXBuildFile; fileRef = 8E527EAD2C89C76500C1DCEC /* Date+Ext.swift */; };
		8E527EB02C89C79600C1DCEC /* String+Ext.swift in Sources */ = {isa = PBXBuildFile; fileRef = 8E527EAF2C89C79600C1DCEC /* String+Ext.swift */; };
		8E527EB22C89EA0000C1DCEC /* PersistenceManager.swift in Sources */ = {isa = PBXBuildFile; fileRef = 8E527EB12C89EA0000C1DCEC /* PersistenceManager.swift */; };
		8E6A36572C821B8000427A4B /* GFEmptyStateView.swift in Sources */ = {isa = PBXBuildFile; fileRef = 8E6A36562C821B8000427A4B /* GFEmptyStateView.swift */; };
		8E6E02962C85C1BC00F3020E /* UserInfoViewController.swift in Sources */ = {isa = PBXBuildFile; fileRef = 8E6E02952C85C1BC00F3020E /* UserInfoViewController.swift */; };
		8E6E02D22C85D48100F3020E /* GFUserInfoHeaderViewController.swift in Sources */ = {isa = PBXBuildFile; fileRef = 8E6E02D12C85D48100F3020E /* GFUserInfoHeaderViewController.swift */; };
		8E6E02D42C85D4E100F3020E /* GFSecondaryTitleLabel.swift in Sources */ = {isa = PBXBuildFile; fileRef = 8E6E02D32C85D4E100F3020E /* GFSecondaryTitleLabel.swift */; };
		8E6E02D62C86001700F3020E /* Constants.swift in Sources */ = {isa = PBXBuildFile; fileRef = 8E6E02D52C86001700F3020E /* Constants.swift */; };
		8EAC949F2C778B0700159A0B /* AppDelegate.swift in Sources */ = {isa = PBXBuildFile; fileRef = 8EAC949E2C778B0700159A0B /* AppDelegate.swift */; };
		8EAC94A12C778B0700159A0B /* SceneDelegate.swift in Sources */ = {isa = PBXBuildFile; fileRef = 8EAC94A02C778B0700159A0B /* SceneDelegate.swift */; };
		8EAC94A82C778B0800159A0B /* Assets.xcassets in Resources */ = {isa = PBXBuildFile; fileRef = 8EAC94A72C778B0800159A0B /* Assets.xcassets */; };
		8EAC94AB2C778B0800159A0B /* Base in Resources */ = {isa = PBXBuildFile; fileRef = 8EAC94AA2C778B0800159A0B /* Base */; };
		8EAC94B32C7790A000159A0B /* SearchViewController.swift in Sources */ = {isa = PBXBuildFile; fileRef = 8EAC94B22C7790A000159A0B /* SearchViewController.swift */; };
		8EAC94B52C7790C900159A0B /* FavoritesListViewController.swift in Sources */ = {isa = PBXBuildFile; fileRef = 8EAC94B42C7790C900159A0B /* FavoritesListViewController.swift */; };
		8EAC94B72C789D0300159A0B /* GFButton.swift in Sources */ = {isa = PBXBuildFile; fileRef = 8EAC94B62C789D0300159A0B /* GFButton.swift */; };
		8EAC94B92C78A5A400159A0B /* GFTextField.swift in Sources */ = {isa = PBXBuildFile; fileRef = 8EAC94B82C78A5A400159A0B /* GFTextField.swift */; };
		8EAC94BB2C78CDF500159A0B /* FollowerListViewController.swift in Sources */ = {isa = PBXBuildFile; fileRef = 8EAC94BA2C78CDF500159A0B /* FollowerListViewController.swift */; };
		8EAC94BD2C78D60A00159A0B /* GFTitleLabel.swift in Sources */ = {isa = PBXBuildFile; fileRef = 8EAC94BC2C78D60A00159A0B /* GFTitleLabel.swift */; };
		8EAC94BF2C78D71900159A0B /* GFBodyLabel.swift in Sources */ = {isa = PBXBuildFile; fileRef = 8EAC94BE2C78D71900159A0B /* GFBodyLabel.swift */; };
		8EAC94C12C78D7AD00159A0B /* GFAlertViewController.swift in Sources */ = {isa = PBXBuildFile; fileRef = 8EAC94C02C78D7AD00159A0B /* GFAlertViewController.swift */; };
		8EAC94C32C78E49300159A0B /* UIViewController+Ext.swift in Sources */ = {isa = PBXBuildFile; fileRef = 8EAC94C22C78E49300159A0B /* UIViewController+Ext.swift */; };
		8EAC94CA2C79E2A700159A0B /* Follower.swift in Sources */ = {isa = PBXBuildFile; fileRef = 8EAC94C92C79E2A700159A0B /* Follower.swift */; };
		8EAC94CC2C79E39500159A0B /* User.swift in Sources */ = {isa = PBXBuildFile; fileRef = 8EAC94CB2C79E39500159A0B /* User.swift */; };
		8EAC94CF2C79E84300159A0B /* NetworkManager.swift in Sources */ = {isa = PBXBuildFile; fileRef = 8EAC94CE2C79E84300159A0B /* NetworkManager.swift */; };
		8EAC94D22C7C971E00159A0B /* GFError.swift in Sources */ = {isa = PBXBuildFile; fileRef = 8EAC94D12C7C971E00159A0B /* GFError.swift */; };
		8EAC94D52C7CBB8600159A0B /* FollowerCell.swift in Sources */ = {isa = PBXBuildFile; fileRef = 8EAC94D42C7CBB8600159A0B /* FollowerCell.swift */; };
		8EAC94D72C7CBBF900159A0B /* GFAvatarImageView.swift in Sources */ = {isa = PBXBuildFile; fileRef = 8EAC94D62C7CBBF900159A0B /* GFAvatarImageView.swift */; };
		8EAC94D92C7CDA9000159A0B /* UIHelper.swift in Sources */ = {isa = PBXBuildFile; fileRef = 8EAC94D82C7CDA9000159A0B /* UIHelper.swift */; };
/* End PBXBuildFile section */

/* Begin PBXFileReference section */
		8E4B9AD52C89BABA00AEA0D1 /* GFItemInfoView.swift */ = {isa = PBXFileReference; lastKnownFileType = sourcecode.swift; path = GFItemInfoView.swift; sourceTree = "<group>"; };
		8E527EA62C89BF6100C1DCEC /* GFItemInfoViewController.swift */ = {isa = PBXFileReference; lastKnownFileType = sourcecode.swift; path = GFItemInfoViewController.swift; sourceTree = "<group>"; };
		8E527EA82C89C20F00C1DCEC /* GFRepoItemViewController.swift */ = {isa = PBXFileReference; lastKnownFileType = sourcecode.swift; path = GFRepoItemViewController.swift; sourceTree = "<group>"; };
		8E527EAA2C89C3A800C1DCEC /* GFFollowerItemViewController.swift */ = {isa = PBXFileReference; lastKnownFileType = sourcecode.swift; path = GFFollowerItemViewController.swift; sourceTree = "<group>"; };
		8E527EAD2C89C76500C1DCEC /* Date+Ext.swift */ = {isa = PBXFileReference; lastKnownFileType = sourcecode.swift; path = "Date+Ext.swift"; sourceTree = "<group>"; };
		8E527EAF2C89C79600C1DCEC /* String+Ext.swift */ = {isa = PBXFileReference; lastKnownFileType = sourcecode.swift; path = "String+Ext.swift"; sourceTree = "<group>"; };
		8E527EB12C89EA0000C1DCEC /* PersistenceManager.swift */ = {isa = PBXFileReference; lastKnownFileType = sourcecode.swift; path = PersistenceManager.swift; sourceTree = "<group>"; };
		8E6A36562C821B8000427A4B /* GFEmptyStateView.swift */ = {isa = PBXFileReference; lastKnownFileType = sourcecode.swift; path = GFEmptyStateView.swift; sourceTree = "<group>"; };
		8E6E02952C85C1BC00F3020E /* UserInfoViewController.swift */ = {isa = PBXFileReference; lastKnownFileType = sourcecode.swift; path = UserInfoViewController.swift; sourceTree = "<group>"; };
		8E6E02D12C85D48100F3020E /* GFUserInfoHeaderViewController.swift */ = {isa = PBXFileReference; lastKnownFileType = sourcecode.swift; path = GFUserInfoHeaderViewController.swift; sourceTree = "<group>"; };
		8E6E02D32C85D4E100F3020E /* GFSecondaryTitleLabel.swift */ = {isa = PBXFileReference; lastKnownFileType = sourcecode.swift; path = GFSecondaryTitleLabel.swift; sourceTree = "<group>"; };
		8E6E02D52C86001700F3020E /* Constants.swift */ = {isa = PBXFileReference; lastKnownFileType = sourcecode.swift; path = Constants.swift; sourceTree = "<group>"; };
		8EAC949B2C778B0700159A0B /* GitFollowers.app */ = {isa = PBXFileReference; explicitFileType = wrapper.application; includeInIndex = 0; path = GitFollowers.app; sourceTree = BUILT_PRODUCTS_DIR; };
		8EAC949E2C778B0700159A0B /* AppDelegate.swift */ = {isa = PBXFileReference; lastKnownFileType = sourcecode.swift; path = AppDelegate.swift; sourceTree = "<group>"; };
		8EAC94A02C778B0700159A0B /* SceneDelegate.swift */ = {isa = PBXFileReference; lastKnownFileType = sourcecode.swift; path = SceneDelegate.swift; sourceTree = "<group>"; };
		8EAC94A72C778B0800159A0B /* Assets.xcassets */ = {isa = PBXFileReference; lastKnownFileType = folder.assetcatalog; path = Assets.xcassets; sourceTree = "<group>"; };
		8EAC94AA2C778B0800159A0B /* Base */ = {isa = PBXFileReference; lastKnownFileType = file.storyboard; name = Base; path = Base.lproj/LaunchScreen.storyboard; sourceTree = "<group>"; };
		8EAC94AC2C778B0800159A0B /* Info.plist */ = {isa = PBXFileReference; lastKnownFileType = text.plist.xml; path = Info.plist; sourceTree = "<group>"; };
		8EAC94B22C7790A000159A0B /* SearchViewController.swift */ = {isa = PBXFileReference; lastKnownFileType = sourcecode.swift; path = SearchViewController.swift; sourceTree = "<group>"; };
		8EAC94B42C7790C900159A0B /* FavoritesListViewController.swift */ = {isa = PBXFileReference; lastKnownFileType = sourcecode.swift; path = FavoritesListViewController.swift; sourceTree = "<group>"; };
		8EAC94B62C789D0300159A0B /* GFButton.swift */ = {isa = PBXFileReference; lastKnownFileType = sourcecode.swift; path = GFButton.swift; sourceTree = "<group>"; };
		8EAC94B82C78A5A400159A0B /* GFTextField.swift */ = {isa = PBXFileReference; lastKnownFileType = sourcecode.swift; path = GFTextField.swift; sourceTree = "<group>"; };
		8EAC94BA2C78CDF500159A0B /* FollowerListViewController.swift */ = {isa = PBXFileReference; lastKnownFileType = sourcecode.swift; path = FollowerListViewController.swift; sourceTree = "<group>"; };
		8EAC94BC2C78D60A00159A0B /* GFTitleLabel.swift */ = {isa = PBXFileReference; lastKnownFileType = sourcecode.swift; path = GFTitleLabel.swift; sourceTree = "<group>"; };
		8EAC94BE2C78D71900159A0B /* GFBodyLabel.swift */ = {isa = PBXFileReference; lastKnownFileType = sourcecode.swift; path = GFBodyLabel.swift; sourceTree = "<group>"; };
		8EAC94C02C78D7AD00159A0B /* GFAlertViewController.swift */ = {isa = PBXFileReference; lastKnownFileType = sourcecode.swift; path = GFAlertViewController.swift; sourceTree = "<group>"; };
		8EAC94C22C78E49300159A0B /* UIViewController+Ext.swift */ = {isa = PBXFileReference; lastKnownFileType = sourcecode.swift; path = "UIViewController+Ext.swift"; sourceTree = "<group>"; };
		8EAC94C92C79E2A700159A0B /* Follower.swift */ = {isa = PBXFileReference; lastKnownFileType = sourcecode.swift; path = Follower.swift; sourceTree = "<group>"; };
		8EAC94CB2C79E39500159A0B /* User.swift */ = {isa = PBXFileReference; lastKnownFileType = sourcecode.swift; path = User.swift; sourceTree = "<group>"; };
		8EAC94CE2C79E84300159A0B /* NetworkManager.swift */ = {isa = PBXFileReference; lastKnownFileType = sourcecode.swift; path = NetworkManager.swift; sourceTree = "<group>"; };
		8EAC94D12C7C971E00159A0B /* GFError.swift */ = {isa = PBXFileReference; lastKnownFileType = sourcecode.swift; path = GFError.swift; sourceTree = "<group>"; };
		8EAC94D42C7CBB8600159A0B /* FollowerCell.swift */ = {isa = PBXFileReference; lastKnownFileType = sourcecode.swift; path = FollowerCell.swift; sourceTree = "<group>"; };
		8EAC94D62C7CBBF900159A0B /* GFAvatarImageView.swift */ = {isa = PBXFileReference; lastKnownFileType = sourcecode.swift; path = GFAvatarImageView.swift; sourceTree = "<group>"; };
		8EAC94D82C7CDA9000159A0B /* UIHelper.swift */ = {isa = PBXFileReference; lastKnownFileType = sourcecode.swift; path = UIHelper.swift; sourceTree = "<group>"; };
/* End PBXFileReference section */

/* Begin PBXFrameworksBuildPhase section */
		8EAC94982C778B0700159A0B /* Frameworks */ = {
			isa = PBXFrameworksBuildPhase;
			buildActionMask = 2147483647;
			files = (
			);
			runOnlyForDeploymentPostprocessing = 0;
		};
/* End PBXFrameworksBuildPhase section */

/* Begin PBXGroup section */
		8E527EAC2C89C3E000C1DCEC /* ItemInfoViewControllers */ = {
			isa = PBXGroup;
			children = (
				8E527EA62C89BF6100C1DCEC /* GFItemInfoViewController.swift */,
				8E527EAA2C89C3A800C1DCEC /* GFFollowerItemViewController.swift */,
				8E527EA82C89C20F00C1DCEC /* GFRepoItemViewController.swift */,
			);
			path = ItemInfoViewControllers;
			sourceTree = "<group>";
		};
		8E6A36502C821B0000427A4B /* Views */ = {
			isa = PBXGroup;
			children = (
				8E6A36562C821B8000427A4B /* GFEmptyStateView.swift */,
				8E4B9AD52C89BABA00AEA0D1 /* GFItemInfoView.swift */,
			);
			path = Views;
			sourceTree = "<group>";
		};
		8E6A36512C821B0900427A4B /* Buttons */ = {
			isa = PBXGroup;
			children = (
				8EAC94B62C789D0300159A0B /* GFButton.swift */,
			);
			path = Buttons;
			sourceTree = "<group>";
		};
		8E6A36522C821B0D00427A4B /* TextFields */ = {
			isa = PBXGroup;
			children = (
				8EAC94B82C78A5A400159A0B /* GFTextField.swift */,
			);
			path = TextFields;
			sourceTree = "<group>";
		};
		8E6A36532C821B1500427A4B /* ViewControllers */ = {
			isa = PBXGroup;
			children = (
				8E527EAC2C89C3E000C1DCEC /* ItemInfoViewControllers */,
				8EAC94C02C78D7AD00159A0B /* GFAlertViewController.swift */,
				8E6E02D12C85D48100F3020E /* GFUserInfoHeaderViewController.swift */,
			);
			path = ViewControllers;
			sourceTree = "<group>";
		};
		8E6A36542C821B4100427A4B /* Labels */ = {
			isa = PBXGroup;
			children = (
				8EAC94BE2C78D71900159A0B /* GFBodyLabel.swift */,
				8EAC94BC2C78D60A00159A0B /* GFTitleLabel.swift */,
				8E6E02D32C85D4E100F3020E /* GFSecondaryTitleLabel.swift */,
			);
			path = Labels;
			sourceTree = "<group>";
		};
		8E6A36552C821B5C00427A4B /* ImageViews */ = {
			isa = PBXGroup;
			children = (
				8EAC94D62C7CBBF900159A0B /* GFAvatarImageView.swift */,
			);
			path = ImageViews;
			sourceTree = "<group>";
		};
		8EAC94922C778B0700159A0B = {
			isa = PBXGroup;
			children = (
				8EAC949D2C778B0700159A0B /* GitFollowers */,
				8EAC949C2C778B0700159A0B /* Products */,
			);
			sourceTree = "<group>";
		};
		8EAC949C2C778B0700159A0B /* Products */ = {
			isa = PBXGroup;
			children = (
				8EAC949B2C778B0700159A0B /* GitFollowers.app */,
			);
			name = Products;
			sourceTree = "<group>";
		};
		8EAC949D2C778B0700159A0B /* GitFollowers */ = {
			isa = PBXGroup;
			children = (
				8EAC94D02C7C970F00159A0B /* Utilities */,
				8EAC94CD2C79E83100159A0B /* Managers */,
				8EAC94C82C79E29A00159A0B /* Model */,
				8EAC94C72C79D4F200159A0B /* Support */,
				8EAC94C62C79D4A300159A0B /* Extensions */,
				8EAC94C52C79D49600159A0B /* Custom Views */,
				8EAC94C42C79D3EF00159A0B /* Controllers */,
				8EAC94AC2C778B0800159A0B /* Info.plist */,
			);
			path = GitFollowers;
			sourceTree = "<group>";
		};
		8EAC94C42C79D3EF00159A0B /* Controllers */ = {
			isa = PBXGroup;
			children = (
				8EAC94B22C7790A000159A0B /* SearchViewController.swift */,
				8EAC94BA2C78CDF500159A0B /* FollowerListViewController.swift */,
				8EAC94B42C7790C900159A0B /* FavoritesListViewController.swift */,
				8E6E02952C85C1BC00F3020E /* UserInfoViewController.swift */,
			);
			path = Controllers;
			sourceTree = "<group>";
		};
		8EAC94C52C79D49600159A0B /* Custom Views */ = {
			isa = PBXGroup;
			children = (
				8E6A36552C821B5C00427A4B /* ImageViews */,
				8E6A36542C821B4100427A4B /* Labels */,
				8E6A36532C821B1500427A4B /* ViewControllers */,
				8E6A36522C821B0D00427A4B /* TextFields */,
				8E6A36512C821B0900427A4B /* Buttons */,
				8E6A36502C821B0000427A4B /* Views */,
				8EAC94D32C7CBB6600159A0B /* Cells */,
			);
			path = "Custom Views";
			sourceTree = "<group>";
		};
		8EAC94C62C79D4A300159A0B /* Extensions */ = {
			isa = PBXGroup;
			children = (
				8EAC94C22C78E49300159A0B /* UIViewController+Ext.swift */,
				8E527EAD2C89C76500C1DCEC /* Date+Ext.swift */,
				8E527EAF2C89C79600C1DCEC /* String+Ext.swift */,
			);
			path = Extensions;
			sourceTree = "<group>";
		};
		8EAC94C72C79D4F200159A0B /* Support */ = {
			isa = PBXGroup;
			children = (
				8EAC949E2C778B0700159A0B /* AppDelegate.swift */,
				8EAC94A02C778B0700159A0B /* SceneDelegate.swift */,
				8EAC94A72C778B0800159A0B /* Assets.xcassets */,
				8EAC94A92C778B0800159A0B /* LaunchScreen.storyboard */,
			);
			path = Support;
			sourceTree = "<group>";
		};
		8EAC94C82C79E29A00159A0B /* Model */ = {
			isa = PBXGroup;
			children = (
				8EAC94C92C79E2A700159A0B /* Follower.swift */,
				8EAC94CB2C79E39500159A0B /* User.swift */,
			);
			path = Model;
			sourceTree = "<group>";
		};
		8EAC94CD2C79E83100159A0B /* Managers */ = {
			isa = PBXGroup;
			children = (
				8EAC94CE2C79E84300159A0B /* NetworkManager.swift */,
				8E527EB12C89EA0000C1DCEC /* PersistenceManager.swift */,
			);
			path = Managers;
			sourceTree = "<group>";
		};
		8EAC94D02C7C970F00159A0B /* Utilities */ = {
			isa = PBXGroup;
			children = (
				8EAC94D12C7C971E00159A0B /* GFError.swift */,
				8EAC94D82C7CDA9000159A0B /* UIHelper.swift */,
				8E6E02D52C86001700F3020E /* Constants.swift */,
			);
			path = Utilities;
			sourceTree = "<group>";
		};
		8EAC94D32C7CBB6600159A0B /* Cells */ = {
			isa = PBXGroup;
			children = (
				8EAC94D42C7CBB8600159A0B /* FollowerCell.swift */,
			);
			path = Cells;
			sourceTree = "<group>";
		};
/* End PBXGroup section */

/* Begin PBXNativeTarget section */
		8EAC949A2C778B0700159A0B /* GitFollowers */ = {
			isa = PBXNativeTarget;
			buildConfigurationList = 8EAC94AF2C778B0800159A0B /* Build configuration list for PBXNativeTarget "GitFollowers" */;
			buildPhases = (
				8EAC94972C778B0700159A0B /* Sources */,
				8EAC94982C778B0700159A0B /* Frameworks */,
				8EAC94992C778B0700159A0B /* Resources */,
			);
			buildRules = (
			);
			dependencies = (
			);
			name = GitFollowers;
			productName = GitFollowers;
			productReference = 8EAC949B2C778B0700159A0B /* GitFollowers.app */;
			productType = "com.apple.product-type.application";
		};
/* End PBXNativeTarget section */

/* Begin PBXProject section */
		8EAC94932C778B0700159A0B /* Project object */ = {
			isa = PBXProject;
			attributes = {
				BuildIndependentTargetsInParallel = 1;
				LastSwiftUpdateCheck = 1540;
				LastUpgradeCheck = 1540;
				TargetAttributes = {
					8EAC949A2C778B0700159A0B = {
						CreatedOnToolsVersion = 15.4;
					};
				};
			};
			buildConfigurationList = 8EAC94962C778B0700159A0B /* Build configuration list for PBXProject "GitFollowers" */;
			compatibilityVersion = "Xcode 14.0";
			developmentRegion = en;
			hasScannedForEncodings = 0;
			knownRegions = (
				en,
				Base,
			);
			mainGroup = 8EAC94922C778B0700159A0B;
			productRefGroup = 8EAC949C2C778B0700159A0B /* Products */;
			projectDirPath = "";
			projectRoot = "";
			targets = (
				8EAC949A2C778B0700159A0B /* GitFollowers */,
			);
		};
/* End PBXProject section */

/* Begin PBXResourcesBuildPhase section */
		8EAC94992C778B0700159A0B /* Resources */ = {
			isa = PBXResourcesBuildPhase;
			buildActionMask = 2147483647;
			files = (
				8EAC94A82C778B0800159A0B /* Assets.xcassets in Resources */,
				8EAC94AB2C778B0800159A0B /* Base in Resources */,
			);
			runOnlyForDeploymentPostprocessing = 0;
		};
/* End PBXResourcesBuildPhase section */

/* Begin PBXSourcesBuildPhase section */
		8EAC94972C778B0700159A0B /* Sources */ = {
			isa = PBXSourcesBuildPhase;
			buildActionMask = 2147483647;
			files = (
				8EAC94CC2C79E39500159A0B /* User.swift in Sources */,
				8EAC94B92C78A5A400159A0B /* GFTextField.swift in Sources */,
				8EAC94B32C7790A000159A0B /* SearchViewController.swift in Sources */,
				8E527EB02C89C79600C1DCEC /* String+Ext.swift in Sources */,
				8EAC94B72C789D0300159A0B /* GFButton.swift in Sources */,
				8EAC94C32C78E49300159A0B /* UIViewController+Ext.swift in Sources */,
				8EAC94D92C7CDA9000159A0B /* UIHelper.swift in Sources */,
				8E527EAB2C89C3A800C1DCEC /* GFFollowerItemViewController.swift in Sources */,
				8E527EA92C89C20F00C1DCEC /* GFRepoItemViewController.swift in Sources */,
				8E6E02D62C86001700F3020E /* Constants.swift in Sources */,
				8EAC94D72C7CBBF900159A0B /* GFAvatarImageView.swift in Sources */,
				8EAC94BB2C78CDF500159A0B /* FollowerListViewController.swift in Sources */,
				8E6E02D22C85D48100F3020E /* GFUserInfoHeaderViewController.swift in Sources */,
				8E4B9AD62C89BABA00AEA0D1 /* GFItemInfoView.swift in Sources */,
				8EAC94C12C78D7AD00159A0B /* GFAlertViewController.swift in Sources */,
				8EAC94D52C7CBB8600159A0B /* FollowerCell.swift in Sources */,
				8EAC94D22C7C971E00159A0B /* GFError.swift in Sources */,
				8EAC94BF2C78D71900159A0B /* GFBodyLabel.swift in Sources */,
				8EAC94CA2C79E2A700159A0B /* Follower.swift in Sources */,
				8EAC94BD2C78D60A00159A0B /* GFTitleLabel.swift in Sources */,
				8E527EAE2C89C76500C1DCEC /* Date+Ext.swift in Sources */,
				8E527EB22C89EA0000C1DCEC /* PersistenceManager.swift in Sources */,
				8E6E02D42C85D4E100F3020E /* GFSecondaryTitleLabel.swift in Sources */,
				8E6A36572C821B8000427A4B /* GFEmptyStateView.swift in Sources */,
				8EAC94CF2C79E84300159A0B /* NetworkManager.swift in Sources */,
				8EAC949F2C778B0700159A0B /* AppDelegate.swift in Sources */,
				8E527EA72C89BF6100C1DCEC /* GFItemInfoViewController.swift in Sources */,
				8E6E02962C85C1BC00F3020E /* UserInfoViewController.swift in Sources */,
				8EAC94B52C7790C900159A0B /* FavoritesListViewController.swift in Sources */,
				8EAC94A12C778B0700159A0B /* SceneDelegate.swift in Sources */,
			);
			runOnlyForDeploymentPostprocessing = 0;
		};
/* End PBXSourcesBuildPhase section */

/* Begin PBXVariantGroup section */
		8EAC94A92C778B0800159A0B /* LaunchScreen.storyboard */ = {
			isa = PBXVariantGroup;
			children = (
				8EAC94AA2C778B0800159A0B /* Base */,
			);
			name = LaunchScreen.storyboard;
			sourceTree = "<group>";
		};
/* End PBXVariantGroup section */

/* Begin XCBuildConfiguration section */
		8EAC94AD2C778B0800159A0B /* Debug */ = {
			isa = XCBuildConfiguration;
			buildSettings = {
				ALWAYS_SEARCH_USER_PATHS = NO;
				ASSETCATALOG_COMPILER_GENERATE_SWIFT_ASSET_SYMBOL_EXTENSIONS = YES;
				CLANG_ANALYZER_NONNULL = YES;
				CLANG_ANALYZER_NUMBER_OBJECT_CONVERSION = YES_AGGRESSIVE;
				CLANG_CXX_LANGUAGE_STANDARD = "gnu++20";
				CLANG_ENABLE_MODULES = YES;
				CLANG_ENABLE_OBJC_ARC = YES;
				CLANG_ENABLE_OBJC_WEAK = YES;
				CLANG_WARN_BLOCK_CAPTURE_AUTORELEASING = YES;
				CLANG_WARN_BOOL_CONVERSION = YES;
				CLANG_WARN_COMMA = YES;
				CLANG_WARN_CONSTANT_CONVERSION = YES;
				CLANG_WARN_DEPRECATED_OBJC_IMPLEMENTATIONS = YES;
				CLANG_WARN_DIRECT_OBJC_ISA_USAGE = YES_ERROR;
				CLANG_WARN_DOCUMENTATION_COMMENTS = YES;
				CLANG_WARN_EMPTY_BODY = YES;
				CLANG_WARN_ENUM_CONVERSION = YES;
				CLANG_WARN_INFINITE_RECURSION = YES;
				CLANG_WARN_INT_CONVERSION = YES;
				CLANG_WARN_NON_LITERAL_NULL_CONVERSION = YES;
				CLANG_WARN_OBJC_IMPLICIT_RETAIN_SELF = YES;
				CLANG_WARN_OBJC_LITERAL_CONVERSION = YES;
				CLANG_WARN_OBJC_ROOT_CLASS = YES_ERROR;
				CLANG_WARN_QUOTED_INCLUDE_IN_FRAMEWORK_HEADER = YES;
				CLANG_WARN_RANGE_LOOP_ANALYSIS = YES;
				CLANG_WARN_STRICT_PROTOTYPES = YES;
				CLANG_WARN_SUSPICIOUS_MOVE = YES;
				CLANG_WARN_UNGUARDED_AVAILABILITY = YES_AGGRESSIVE;
				CLANG_WARN_UNREACHABLE_CODE = YES;
				CLANG_WARN__DUPLICATE_METHOD_MATCH = YES;
				COPY_PHASE_STRIP = NO;
				DEBUG_INFORMATION_FORMAT = dwarf;
				ENABLE_STRICT_OBJC_MSGSEND = YES;
				ENABLE_TESTABILITY = YES;
				ENABLE_USER_SCRIPT_SANDBOXING = YES;
				GCC_C_LANGUAGE_STANDARD = gnu17;
				GCC_DYNAMIC_NO_PIC = NO;
				GCC_NO_COMMON_BLOCKS = YES;
				GCC_OPTIMIZATION_LEVEL = 0;
				GCC_PREPROCESSOR_DEFINITIONS = (
					"DEBUG=1",
					"$(inherited)",
				);
				GCC_WARN_64_TO_32_BIT_CONVERSION = YES;
				GCC_WARN_ABOUT_RETURN_TYPE = YES_ERROR;
				GCC_WARN_UNDECLARED_SELECTOR = YES;
				GCC_WARN_UNINITIALIZED_AUTOS = YES_AGGRESSIVE;
				GCC_WARN_UNUSED_FUNCTION = YES;
				GCC_WARN_UNUSED_VARIABLE = YES;
				IPHONEOS_DEPLOYMENT_TARGET = 17.5;
				LOCALIZATION_PREFERS_STRING_CATALOGS = YES;
				MTL_ENABLE_DEBUG_INFO = INCLUDE_SOURCE;
				MTL_FAST_MATH = YES;
				ONLY_ACTIVE_ARCH = YES;
				SDKROOT = iphoneos;
				SWIFT_ACTIVE_COMPILATION_CONDITIONS = "DEBUG $(inherited)";
				SWIFT_OPTIMIZATION_LEVEL = "-Onone";
			};
			name = Debug;
		};
		8EAC94AE2C778B0800159A0B /* Release */ = {
			isa = XCBuildConfiguration;
			buildSettings = {
				ALWAYS_SEARCH_USER_PATHS = NO;
				ASSETCATALOG_COMPILER_GENERATE_SWIFT_ASSET_SYMBOL_EXTENSIONS = YES;
				CLANG_ANALYZER_NONNULL = YES;
				CLANG_ANALYZER_NUMBER_OBJECT_CONVERSION = YES_AGGRESSIVE;
				CLANG_CXX_LANGUAGE_STANDARD = "gnu++20";
				CLANG_ENABLE_MODULES = YES;
				CLANG_ENABLE_OBJC_ARC = YES;
				CLANG_ENABLE_OBJC_WEAK = YES;
				CLANG_WARN_BLOCK_CAPTURE_AUTORELEASING = YES;
				CLANG_WARN_BOOL_CONVERSION = YES;
				CLANG_WARN_COMMA = YES;
				CLANG_WARN_CONSTANT_CONVERSION = YES;
				CLANG_WARN_DEPRECATED_OBJC_IMPLEMENTATIONS = YES;
				CLANG_WARN_DIRECT_OBJC_ISA_USAGE = YES_ERROR;
				CLANG_WARN_DOCUMENTATION_COMMENTS = YES;
				CLANG_WARN_EMPTY_BODY = YES;
				CLANG_WARN_ENUM_CONVERSION = YES;
				CLANG_WARN_INFINITE_RECURSION = YES;
				CLANG_WARN_INT_CONVERSION = YES;
				CLANG_WARN_NON_LITERAL_NULL_CONVERSION = YES;
				CLANG_WARN_OBJC_IMPLICIT_RETAIN_SELF = YES;
				CLANG_WARN_OBJC_LITERAL_CONVERSION = YES;
				CLANG_WARN_OBJC_ROOT_CLASS = YES_ERROR;
				CLANG_WARN_QUOTED_INCLUDE_IN_FRAMEWORK_HEADER = YES;
				CLANG_WARN_RANGE_LOOP_ANALYSIS = YES;
				CLANG_WARN_STRICT_PROTOTYPES = YES;
				CLANG_WARN_SUSPICIOUS_MOVE = YES;
				CLANG_WARN_UNGUARDED_AVAILABILITY = YES_AGGRESSIVE;
				CLANG_WARN_UNREACHABLE_CODE = YES;
				CLANG_WARN__DUPLICATE_METHOD_MATCH = YES;
				COPY_PHASE_STRIP = NO;
				DEBUG_INFORMATION_FORMAT = "dwarf-with-dsym";
				ENABLE_NS_ASSERTIONS = NO;
				ENABLE_STRICT_OBJC_MSGSEND = YES;
				ENABLE_USER_SCRIPT_SANDBOXING = YES;
				GCC_C_LANGUAGE_STANDARD = gnu17;
				GCC_NO_COMMON_BLOCKS = YES;
				GCC_WARN_64_TO_32_BIT_CONVERSION = YES;
				GCC_WARN_ABOUT_RETURN_TYPE = YES_ERROR;
				GCC_WARN_UNDECLARED_SELECTOR = YES;
				GCC_WARN_UNINITIALIZED_AUTOS = YES_AGGRESSIVE;
				GCC_WARN_UNUSED_FUNCTION = YES;
				GCC_WARN_UNUSED_VARIABLE = YES;
				IPHONEOS_DEPLOYMENT_TARGET = 17.5;
				LOCALIZATION_PREFERS_STRING_CATALOGS = YES;
				MTL_ENABLE_DEBUG_INFO = NO;
				MTL_FAST_MATH = YES;
				SDKROOT = iphoneos;
				SWIFT_COMPILATION_MODE = wholemodule;
				VALIDATE_PRODUCT = YES;
			};
			name = Release;
		};
		8EAC94B02C778B0800159A0B /* Debug */ = {
			isa = XCBuildConfiguration;
			buildSettings = {
				ASSETCATALOG_COMPILER_APPICON_NAME = AppIcon;
				ASSETCATALOG_COMPILER_GLOBAL_ACCENT_COLOR_NAME = AccentColor;
				CODE_SIGN_STYLE = Automatic;
				CURRENT_PROJECT_VERSION = 1;
				DEVELOPMENT_TEAM = N2HAQ52F9X;
				GENERATE_INFOPLIST_FILE = YES;
				INFOPLIST_FILE = GitFollowers/Info.plist;
				INFOPLIST_KEY_UIApplicationSupportsIndirectInputEvents = YES;
				INFOPLIST_KEY_UILaunchStoryboardName = LaunchScreen;
				INFOPLIST_KEY_UISupportedInterfaceOrientations = UIInterfaceOrientationPortrait;
				IPHONEOS_DEPLOYMENT_TARGET = 15.0;
				LD_RUNPATH_SEARCH_PATHS = (
					"$(inherited)",
					"@executable_path/Frameworks",
				);
				MARKETING_VERSION = 1.0;
				PRODUCT_BUNDLE_IDENTIFIER = com.matsuti.GitFollowers;
				PRODUCT_NAME = "$(TARGET_NAME)";
				SWIFT_EMIT_LOC_STRINGS = YES;
				SWIFT_VERSION = 5.0;
				TARGETED_DEVICE_FAMILY = "1,2";
			};
			name = Debug;
		};
		8EAC94B12C778B0800159A0B /* Release */ = {
			isa = XCBuildConfiguration;
			buildSettings = {
				ASSETCATALOG_COMPILER_APPICON_NAME = AppIcon;
				ASSETCATALOG_COMPILER_GLOBAL_ACCENT_COLOR_NAME = AccentColor;
				CODE_SIGN_STYLE = Automatic;
				CURRENT_PROJECT_VERSION = 1;
				DEVELOPMENT_TEAM = N2HAQ52F9X;
				GENERATE_INFOPLIST_FILE = YES;
				INFOPLIST_FILE = GitFollowers/Info.plist;
				INFOPLIST_KEY_UIApplicationSupportsIndirectInputEvents = YES;
				INFOPLIST_KEY_UILaunchStoryboardName = LaunchScreen;
				INFOPLIST_KEY_UISupportedInterfaceOrientations = UIInterfaceOrientationPortrait;
				IPHONEOS_DEPLOYMENT_TARGET = 15.0;
				LD_RUNPATH_SEARCH_PATHS = (
					"$(inherited)",
					"@executable_path/Frameworks",
				);
				MARKETING_VERSION = 1.0;
				PRODUCT_BUNDLE_IDENTIFIER = com.matsuti.GitFollowers;
				PRODUCT_NAME = "$(TARGET_NAME)";
				SWIFT_EMIT_LOC_STRINGS = YES;
				SWIFT_VERSION = 5.0;
				TARGETED_DEVICE_FAMILY = "1,2";
			};
			name = Release;
		};
/* End XCBuildConfiguration section */

/* Begin XCConfigurationList section */
		8EAC94962C778B0700159A0B /* Build configuration list for PBXProject "GitFollowers" */ = {
			isa = XCConfigurationList;
			buildConfigurations = (
				8EAC94AD2C778B0800159A0B /* Debug */,
				8EAC94AE2C778B0800159A0B /* Release */,
			);
			defaultConfigurationIsVisible = 0;
			defaultConfigurationName = Release;
		};
		8EAC94AF2C778B0800159A0B /* Build configuration list for PBXNativeTarget "GitFollowers" */ = {
			isa = XCConfigurationList;
			buildConfigurations = (
				8EAC94B02C778B0800159A0B /* Debug */,
				8EAC94B12C778B0800159A0B /* Release */,
			);
			defaultConfigurationIsVisible = 0;
			defaultConfigurationName = Release;
		};
/* End XCConfigurationList section */
	};
	rootObject = 8EAC94932C778B0700159A0B /* Project object */;
}
